
Microsoft Visual Studio Solution File, Format Version 12.00
# Visual Studio Version 17
VisualStudioVersion = 17.0.31912.275
MinimumVisualStudioVersion = 10.0.40219.1
Project("{9A19103F-16F7-4668-BE54-9A1E7A4F7556}") = "Net6Features.Client", "Net6Features.Client\Net6Features.Client.csproj", "{5B0BFA34-46BF-4E79-A57A-3452D67CD467}"
EndProject
Project("{9A19103F-16F7-4668-BE54-9A1E7A4F7556}") = "Net6Features.Api", "Net6Features.Api\Net6Features.Api.csproj", "{B58608B9-7997-4389-94DF-F3F4D4F07CAA}"
EndProject
Project("{9A19103F-16F7-4668-BE54-9A1E7A4F7556}") = "Net6Features.Shared", "Net6Features.Shared\Net6Features.Shared.csproj", "{219EC15D-B279-404F-859A-9B5E7DD8EDD8}"
EndProject
Project("{9A19103F-16F7-4668-BE54-9A1E7A4F7556}") = "Net6Features.Host", "Net6Features.Host\Net6Features.Host.csproj", "{DDFF6A5D-1D1F-407F-97EB-F93618460EEB}"
EndProject
Global
	GlobalSection(SolutionConfigurationPlatforms) = preSolution
		Debug|Any CPU = Debug|Any CPU
		Release|Any CPU = Release|Any CPU
	EndGlobalSection
	GlobalSection(ProjectConfigurationPlatforms) = postSolution
		{5B0BFA34-46BF-4E79-A57A-3452D67CD467}.Debug|Any CPU.ActiveCfg = Debug|Any CPU
		{5B0BFA34-46BF-4E79-A57A-3452D67CD467}.Debug|Any CPU.Build.0 = Debug|Any CPU
		{5B0BFA34-46BF-4E79-A57A-3452D67CD467}.Release|Any CPU.ActiveCfg = Release|Any CPU
		{5B0BFA34-46BF-4E79-A57A-3452D67CD467}.Release|Any CPU.Build.0 = Release|Any CPU
		{B58608B9-7997-4389-94DF-F3F4D4F07CAA}.Debug|Any CPU.ActiveCfg = Debug|Any CPU
		{B58608B9-7997-4389-94DF-F3F4D4F07CAA}.Debug|Any CPU.Build.0 = Debug|Any CPU
		{B58608B9-7997-4389-94DF-F3F4D4F07CAA}.Release|Any CPU.ActiveCfg = Release|Any CPU
		{B58608B9-7997-4389-94DF-F3F4D4F07CAA}.Release|Any CPU.Build.0 = Release|Any CPU
		{219EC15D-B279-404F-859A-9B5E7DD8EDD8}.Debug|Any CPU.ActiveCfg = Debug|Any CPU
		{219EC15D-B279-404F-859A-9B5E7DD8EDD8}.Debug|Any CPU.Build.0 = Debug|Any CPU
		{219EC15D-B279-404F-859A-9B5E7DD8EDD8}.Release|Any CPU.ActiveCfg = Release|Any CPU
		{219EC15D-B279-404F-859A-9B5E7DD8EDD8}.Release|Any CPU.Build.0 = Release|Any CPU
		{DDFF6A5D-1D1F-407F-97EB-F93618460EEB}.Debug|Any CPU.ActiveCfg = Debug|Any CPU
		{DDFF6A5D-1D1F-407F-97EB-F93618460EEB}.Debug|Any CPU.Build.0 = Debug|Any CPU
		{DDFF6A5D-1D1F-407F-97EB-F93618460EEB}.Release|Any CPU.ActiveCfg = Release|Any CPU
		{DDFF6A5D-1D1F-407F-97EB-F93618460EEB}.Release|Any CPU.Build.0 = Release|Any CPU
	EndGlobalSection
	GlobalSection(SolutionProperties) = preSolution
		HideSolutionNode = FALSE
	EndGlobalSection
	GlobalSection(ExtensibilityGlobals) = postSolution
		SolutionGuid = {326462BA-394F-4188-9E5C-9EFF57D39EE2}
	EndGlobalSection
EndGlobal
